
Microsoft Visual Studio Solution File, Format Version 12.00
# Visual Studio Version 16
VisualStudioVersion = 16.0.33214.272
MinimumVisualStudioVersion = 10.0.40219.1
Project("{FAE04EC0-301F-11D3-BF4B-00C04F79EFBC}") = "lab8", "lab8\lab8.csproj", "{8CADA7AC-79D4-4ADC-B966-B94E3B79FFFD}"
EndProject
Global
	GlobalSection(SolutionConfigurationPlatforms) = preSolution
		Debug|Any CPU = Debug|Any CPU
		Release|Any CPU = Release|Any CPU
	EndGlobalSection
	GlobalSection(ProjectConfigurationPlatforms) = postSolution
		{8CADA7AC-79D4-4ADC-B966-B94E3B79FFFD}.Debug|Any CPU.ActiveCfg = Debug|Any CPU
		{8CADA7AC-79D4-4ADC-B966-B94E3B79FFFD}.Debug|Any CPU.Build.0 = Debug|Any CPU
		{8CADA7AC-79D4-4ADC-B966-B94E3B79FFFD}.Release|Any CPU.ActiveCfg = Release|Any CPU
		{8CADA7AC-79D4-4ADC-B966-B94E3B79FFFD}.Release|Any CPU.Build.0 = Release|Any CPU
	EndGlobalSection
	GlobalSection(SolutionProperties) = preSolution
		HideSolutionNode = FALSE
	EndGlobalSection
	GlobalSection(ExtensibilityGlobals) = postSolution
		SolutionGuid = {3F0BB1DB-52E2-4A7C-8C2C-D68A08F081F3}
	EndGlobalSection
EndGlobal
